
Microsoft Visual Studio Solution File, Format Version 12.00
# Visual Studio Version 16
VisualStudioVersion = 16.0.29911.84
MinimumVisualStudioVersion = 10.0.40219.1
Project("{FAE04EC0-301F-11D3-BF4B-00C04F79EFBC}") = "Login", "Login\Login.csproj", "{438C85B3-C2C7-4DAA-8FFB-81DA0EC130C6}"
EndProject
Global
	GlobalSection(SolutionConfigurationPlatforms) = preSolution
		Debug|Any CPU = Debug|Any CPU
		Release|Any CPU = Release|Any CPU
	EndGlobalSection
	GlobalSection(ProjectConfigurationPlatforms) = postSolution
		{438C85B3-C2C7-4DAA-8FFB-81DA0EC130C6}.Debug|Any CPU.ActiveCfg = Debug|Any CPU
		{438C85B3-C2C7-4DAA-8FFB-81DA0EC130C6}.Debug|Any CPU.Build.0 = Debug|Any CPU
		{438C85B3-C2C7-4DAA-8FFB-81DA0EC130C6}.Release|Any CPU.ActiveCfg = Release|Any CPU
		{438C85B3-C2C7-4DAA-8FFB-81DA0EC130C6}.Release|Any CPU.Build.0 = Release|Any CPU
	EndGlobalSection
	GlobalSection(SolutionProperties) = preSolution
		HideSolutionNode = FALSE
	EndGlobalSection
	GlobalSection(ExtensibilityGlobals) = postSolution
		SolutionGuid = {78E19097-58C5-412E-B24A-E3945BAC27E1}
	EndGlobalSection
EndGlobal
